
Microsoft Visual Studio Solution File, Format Version 12.00
# Visual Studio Version 17
VisualStudioVersion = 17.14.36518.9
MinimumVisualStudioVersion = 10.0.40219.1
Project("{FAE04EC0-301F-11D3-BF4B-00C04F79EFBC}") = "rebuild", "rebuild.csproj", "{72C132E4-DA68-4451-84FC-80CFBC99F31F}"
EndProject
Project("{FAE04EC0-301F-11D3-BF4B-00C04F79EFBC}") = "Modelo", "..\Modelo\Modelo.csproj", "{975CF931-D02D-8811-C7A9-8D5AC7F6FC48}"
EndProject
Global
	GlobalSection(SolutionConfigurationPlatforms) = preSolution
		Debug|Any CPU = Debug|Any CPU
		Release|Any CPU = Release|Any CPU
	EndGlobalSection
	GlobalSection(ProjectConfigurationPlatforms) = postSolution
		{72C132E4-DA68-4451-84FC-80CFBC99F31F}.Debug|Any CPU.ActiveCfg = Debug|Any CPU
		{72C132E4-DA68-4451-84FC-80CFBC99F31F}.Debug|Any CPU.Build.0 = Debug|Any CPU
		{72C132E4-DA68-4451-84FC-80CFBC99F31F}.Release|Any CPU.ActiveCfg = Release|Any CPU
		{72C132E4-DA68-4451-84FC-80CFBC99F31F}.Release|Any CPU.Build.0 = Release|Any CPU
		{975CF931-D02D-8811-C7A9-8D5AC7F6FC48}.Debug|Any CPU.ActiveCfg = Debug|Any CPU
		{975CF931-D02D-8811-C7A9-8D5AC7F6FC48}.Debug|Any CPU.Build.0 = Debug|Any CPU
		{975CF931-D02D-8811-C7A9-8D5AC7F6FC48}.Release|Any CPU.ActiveCfg = Release|Any CPU
		{975CF931-D02D-8811-C7A9-8D5AC7F6FC48}.Release|Any CPU.Build.0 = Release|Any CPU
	EndGlobalSection
	GlobalSection(SolutionProperties) = preSolution
		HideSolutionNode = FALSE
	EndGlobalSection
	GlobalSection(ExtensibilityGlobals) = postSolution
		SolutionGuid = {A4747E76-6221-41EC-BA2E-7BEBD8FF068F}
	EndGlobalSection
EndGlobal
